
Microsoft Visual Studio Solution File, Format Version 12.00
# Visual Studio Version 17
VisualStudioVersion = 17.0.31903.59
MinimumVisualStudioVersion = 10.0.40219.1
Project("{FAE04EC0-301F-11D3-BF4B-00C04F79EFBC}") = "Api", "Api\Api.csproj", "{7BB94B55-EFDF-4743-A244-8691984102BB}"
EndProject
Project("{FAE04EC0-301F-11D3-BF4B-00C04F79EFBC}") = "Core", "Core\Core.csproj", "{D8CAF2B9-7B86-4C0C-AC56-075A1F2324AF}"
EndProject
Project("{FAE04EC0-301F-11D3-BF4B-00C04F79EFBC}") = "Infrastructure", "Infrastructure\Infrastructure.csproj", "{B690DCA2-611A-4012-ADD5-4524D2294616}"
EndProject
Global
	GlobalSection(SolutionConfigurationPlatforms) = preSolution
		Debug|Any CPU = Debug|Any CPU
		Release|Any CPU = Release|Any CPU
	EndGlobalSection
	GlobalSection(SolutionProperties) = preSolution
		HideSolutionNode = FALSE
	EndGlobalSection
	GlobalSection(ProjectConfigurationPlatforms) = postSolution
		{7BB94B55-EFDF-4743-A244-8691984102BB}.Debug|Any CPU.ActiveCfg = Debug|Any CPU
		{7BB94B55-EFDF-4743-A244-8691984102BB}.Debug|Any CPU.Build.0 = Debug|Any CPU
		{7BB94B55-EFDF-4743-A244-8691984102BB}.Release|Any CPU.ActiveCfg = Release|Any CPU
		{7BB94B55-EFDF-4743-A244-8691984102BB}.Release|Any CPU.Build.0 = Release|Any CPU
		{D8CAF2B9-7B86-4C0C-AC56-075A1F2324AF}.Debug|Any CPU.ActiveCfg = Debug|Any CPU
		{D8CAF2B9-7B86-4C0C-AC56-075A1F2324AF}.Debug|Any CPU.Build.0 = Debug|Any CPU
		{D8CAF2B9-7B86-4C0C-AC56-075A1F2324AF}.Release|Any CPU.ActiveCfg = Release|Any CPU
		{D8CAF2B9-7B86-4C0C-AC56-075A1F2324AF}.Release|Any CPU.Build.0 = Release|Any CPU
		{B690DCA2-611A-4012-ADD5-4524D2294616}.Debug|Any CPU.ActiveCfg = Debug|Any CPU
		{B690DCA2-611A-4012-ADD5-4524D2294616}.Debug|Any CPU.Build.0 = Debug|Any CPU
		{B690DCA2-611A-4012-ADD5-4524D2294616}.Release|Any CPU.ActiveCfg = Release|Any CPU
		{B690DCA2-611A-4012-ADD5-4524D2294616}.Release|Any CPU.Build.0 = Release|Any CPU
	EndGlobalSection
EndGlobal
